
Microsoft Visual Studio Solution File, Format Version 12.00
# Visual Studio Version 16
VisualStudioVersion = 16.0.29920.165
MinimumVisualStudioVersion = 10.0.40219.1
Project("{9A19103F-16F7-4668-BE54-9A1E7A4F7556}") = "FluentUI", "FluentUI\FluentUI.csproj", "{4898F7FF-2A1E-418D-A4D6-70A3D088CE4E}"
EndProject
Project("{FAE04EC0-301F-11D3-BF4B-00C04F79EFBC}") = "FluentUI.App", "FluentUI.App\FluentUI.App.csproj", "{FC086A82-0D66-479A-B4A0-622693B7867C}"
EndProject
Global
	GlobalSection(SolutionConfigurationPlatforms) = preSolution
		Debug|Any CPU = Debug|Any CPU
		Release|Any CPU = Release|Any CPU
	EndGlobalSection
	GlobalSection(ProjectConfigurationPlatforms) = postSolution
		{4898F7FF-2A1E-418D-A4D6-70A3D088CE4E}.Debug|Any CPU.ActiveCfg = Debug|Any CPU
		{4898F7FF-2A1E-418D-A4D6-70A3D088CE4E}.Debug|Any CPU.Build.0 = Debug|Any CPU
		{4898F7FF-2A1E-418D-A4D6-70A3D088CE4E}.Release|Any CPU.ActiveCfg = Release|Any CPU
		{4898F7FF-2A1E-418D-A4D6-70A3D088CE4E}.Release|Any CPU.Build.0 = Release|Any CPU
		{FC086A82-0D66-479A-B4A0-622693B7867C}.Debug|Any CPU.ActiveCfg = Debug|Any CPU
		{FC086A82-0D66-479A-B4A0-622693B7867C}.Debug|Any CPU.Build.0 = Debug|Any CPU
		{FC086A82-0D66-479A-B4A0-622693B7867C}.Release|Any CPU.ActiveCfg = Release|Any CPU
		{FC086A82-0D66-479A-B4A0-622693B7867C}.Release|Any CPU.Build.0 = Release|Any CPU
	EndGlobalSection
	GlobalSection(SolutionProperties) = preSolution
		HideSolutionNode = FALSE
	EndGlobalSection
	GlobalSection(ExtensibilityGlobals) = postSolution
		SolutionGuid = {7438740C-D589-4F89-A243-E6071DD26E00}
	EndGlobalSection
EndGlobal
